
Microsoft Visual Studio Solution File, Format Version 12.00
# Visual Studio Version 16
VisualStudioVersion = 16.0.29102.190
MinimumVisualStudioVersion = 10.0.40219.1
Project("{2150E333-8FDC-42A3-9474-1A3956D46DE8}") = "Depedencies", "Depedencies", "{52602772-C53F-4FCB-9829-F8542A184075}"
EndProject
Project("{9A19103F-16F7-4668-BE54-9A1E7A4F7556}") = "Tuckfirtle.Node", "Tuckfirtle.Node\src\Tuckfirtle.Node.csproj", "{34EDAD66-60E1-45D9-8299-775E3DB64589}"
EndProject
Project("{9A19103F-16F7-4668-BE54-9A1E7A4F7556}") = "Tuckfirtle.Core", "Tuckfirtle.Core\src\Tuckfirtle.Core.csproj", "{921728D9-6898-4261-BE47-0928E54C21E6}"
EndProject
Project("{9A19103F-16F7-4668-BE54-9A1E7A4F7556}") = "TheDialgaTeam.Core.Logger", "TheDialgaTeam.Core.Logger\src\TheDialgaTeam.Core.Logger.csproj", "{9089CEA0-7B3E-4DBD-999D-71CD50A2EAA1}"
EndProject
Project("{9A19103F-16F7-4668-BE54-9A1E7A4F7556}") = "TheDialgaTeam.Core.Logger.DependencyInjection", "TheDialgaTeam.Core.Logger.DependencyInjection\src\TheDialgaTeam.Core.Logger.DependencyInjection.csproj", "{1E88E53D-A1E6-4727-A677-B889A4E70821}"
EndProject
Project("{9A19103F-16F7-4668-BE54-9A1E7A4F7556}") = "Tuckfirtle.Core.Benchmark", "Tuckfirtle.Core.Benchmark\src\Tuckfirtle.Core.Benchmark.csproj", "{0255F3D6-E91F-4A17-BB42-BFB7FF3EAA7C}"
EndProject
Project("{2150E333-8FDC-42A3-9474-1A3956D46DE8}") = "Core", "Core", "{C1B60C2D-6395-452C-8DF8-3461321A386E}"
EndProject
Project("{2150E333-8FDC-42A3-9474-1A3956D46DE8}") = "Node", "Node", "{C765ABD6-153E-49D6-8AE1-970F85055E5C}"
EndProject
Project("{2150E333-8FDC-42A3-9474-1A3956D46DE8}") = "Miner", "Miner", "{866C6122-C2A2-47FB-B0DC-0D587506BB87}"
EndProject
Project("{9A19103F-16F7-4668-BE54-9A1E7A4F7556}") = "Tuckfirtle.Miner", "Tuckfirtle.Miner\src\Tuckfirtle.Miner.csproj", "{C45EAF01-30C4-4B8E-BA96-FA9C52AE9934}"
EndProject
Project("{9A19103F-16F7-4668-BE54-9A1E7A4F7556}") = "TheDialgaTeam.Core.DependencyInjection", "TheDialgaTeam.Core.DependencyInjection\src\TheDialgaTeam.Core.DependencyInjection.csproj", "{20EF959B-E6E2-4DC4-82B3-3233F2798D3C}"
EndProject
Project("{9A19103F-16F7-4668-BE54-9A1E7A4F7556}") = "Open.Nat", "Open.NAT\Open.Nat\Open.Nat.csproj", "{2851969F-8CDF-4CA6-AC9F-46FB85D970F4}"
EndProject
Project("{9A19103F-16F7-4668-BE54-9A1E7A4F7556}") = "Tuckfirtle.OpenQuantumSafe", "Tuckfirtle.OpenQuantumSafe\src\Tuckfirtle.OpenQuantumSafe.csproj", "{989A04B7-93D1-4702-A979-6A431B5F6490}"
EndProject
Project("{2150E333-8FDC-42A3-9474-1A3956D46DE8}") = "OpenQuantumSafe", "OpenQuantumSafe", "{620AD9CB-AE95-4345-ACAF-1B069A119DD9}"
EndProject
Project("{9A19103F-16F7-4668-BE54-9A1E7A4F7556}") = "TheDialgaTeam.Core.Tasks", "TheDialgaTeam.Core.Tasks\src\TheDialgaTeam.Core.Tasks.csproj", "{54A83E6C-FB99-4690-A680-C74853E7AE4C}"
EndProject
Global
	GlobalSection(SolutionConfigurationPlatforms) = preSolution
		Debug_linux|arm = Debug_linux|arm
		Debug_linux|x64 = Debug_linux|x64
		Debug_linux|x86 = Debug_linux|x86
		Debug_osx|arm = Debug_osx|arm
		Debug_osx|x64 = Debug_osx|x64
		Debug_osx|x86 = Debug_osx|x86
		Debug_win|arm = Debug_win|arm
		Debug_win|x64 = Debug_win|x64
		Debug_win|x86 = Debug_win|x86
		Release_linux|arm = Release_linux|arm
		Release_linux|x64 = Release_linux|x64
		Release_linux|x86 = Release_linux|x86
		Release_osx|arm = Release_osx|arm
		Release_osx|x64 = Release_osx|x64
		Release_osx|x86 = Release_osx|x86
		Release_win|arm = Release_win|arm
		Release_win|x64 = Release_win|x64
		Release_win|x86 = Release_win|x86
	EndGlobalSection
	GlobalSection(ProjectConfigurationPlatforms) = postSolution
		{34EDAD66-60E1-45D9-8299-775E3DB64589}.Debug_linux|arm.ActiveCfg = Debug_linux|arm
		{34EDAD66-60E1-45D9-8299-775E3DB64589}.Debug_linux|arm.Build.0 = Debug_linux|arm
		{34EDAD66-60E1-45D9-8299-775E3DB64589}.Debug_linux|x64.ActiveCfg = Debug_linux|x64
		{34EDAD66-60E1-45D9-8299-775E3DB64589}.Debug_linux|x64.Build.0 = Debug_linux|x64
		{34EDAD66-60E1-45D9-8299-775E3DB64589}.Debug_linux|x86.ActiveCfg = Debug_linux|x86
		{34EDAD66-60E1-45D9-8299-775E3DB64589}.Debug_linux|x86.Build.0 = Debug_linux|x86
		{34EDAD66-60E1-45D9-8299-775E3DB64589}.Debug_osx|arm.ActiveCfg = Debug_osx|arm
		{34EDAD66-60E1-45D9-8299-775E3DB64589}.Debug_osx|arm.Build.0 = Debug_osx|arm
		{34EDAD66-60E1-45D9-8299-775E3DB64589}.Debug_osx|x64.ActiveCfg = Debug_osx|x64
		{34EDAD66-60E1-45D9-8299-775E3DB64589}.Debug_osx|x64.Build.0 = Debug_osx|x64
		{34EDAD66-60E1-45D9-8299-775E3DB64589}.Debug_osx|x86.ActiveCfg = Debug_osx|x86
		{34EDAD66-60E1-45D9-8299-775E3DB64589}.Debug_osx|x86.Build.0 = Debug_osx|x86
		{34EDAD66-60E1-45D9-8299-775E3DB64589}.Debug_win|arm.ActiveCfg = Debug_win|arm
		{34EDAD66-60E1-45D9-8299-775E3DB64589}.Debug_win|arm.Build.0 = Debug_win|arm
		{34EDAD66-60E1-45D9-8299-775E3DB64589}.Debug_win|x64.ActiveCfg = Debug_win|x64
		{34EDAD66-60E1-45D9-8299-775E3DB64589}.Debug_win|x64.Build.0 = Debug_win|x64
		{34EDAD66-60E1-45D9-8299-775E3DB64589}.Debug_win|x86.ActiveCfg = Debug_win|x86
		{34EDAD66-60E1-45D9-8299-775E3DB64589}.Debug_win|x86.Build.0 = Debug_win|x86
		{34EDAD66-60E1-45D9-8299-775E3DB64589}.Release_linux|arm.ActiveCfg = Release_linux|arm
		{34EDAD66-60E1-45D9-8299-775E3DB64589}.Release_linux|arm.Build.0 = Release_linux|arm
		{34EDAD66-60E1-45D9-8299-775E3DB64589}.Release_linux|x64.ActiveCfg = Release_linux|x64
		{34EDAD66-60E1-45D9-8299-775E3DB64589}.Release_linux|x64.Build.0 = Release_linux|x64
		{34EDAD66-60E1-45D9-8299-775E3DB64589}.Release_linux|x86.ActiveCfg = Release_linux|x86
		{34EDAD66-60E1-45D9-8299-775E3DB64589}.Release_linux|x86.Build.0 = Release_linux|x86
		{34EDAD66-60E1-45D9-8299-775E3DB64589}.Release_osx|arm.ActiveCfg = Release_osx|arm
		{34EDAD66-60E1-45D9-8299-775E3DB64589}.Release_osx|arm.Build.0 = Release_osx|arm
		{34EDAD66-60E1-45D9-8299-775E3DB64589}.Release_osx|x64.ActiveCfg = Release_osx|x64
		{34EDAD66-60E1-45D9-8299-775E3DB64589}.Release_osx|x64.Build.0 = Release_osx|x64
		{34EDAD66-60E1-45D9-8299-775E3DB64589}.Release_osx|x86.ActiveCfg = Release_osx|x86
		{34EDAD66-60E1-45D9-8299-775E3DB64589}.Release_osx|x86.Build.0 = Release_osx|x86
		{34EDAD66-60E1-45D9-8299-775E3DB64589}.Release_win|arm.ActiveCfg = Release_win|arm
		{34EDAD66-60E1-45D9-8299-775E3DB64589}.Release_win|arm.Build.0 = Release_win|arm
		{34EDAD66-60E1-45D9-8299-775E3DB64589}.Release_win|x64.ActiveCfg = Release_win|x64
		{34EDAD66-60E1-45D9-8299-775E3DB64589}.Release_win|x64.Build.0 = Release_win|x64
		{34EDAD66-60E1-45D9-8299-775E3DB64589}.Release_win|x86.ActiveCfg = Release_win|x86
		{34EDAD66-60E1-45D9-8299-775E3DB64589}.Release_win|x86.Build.0 = Release_win|x86
		{921728D9-6898-4261-BE47-0928E54C21E6}.Debug_linux|arm.ActiveCfg = Debug|Any CPU
		{921728D9-6898-4261-BE47-0928E54C21E6}.Debug_linux|arm.Build.0 = Debug|Any CPU
		{921728D9-6898-4261-BE47-0928E54C21E6}.Debug_linux|x64.ActiveCfg = Debug|x64
		{921728D9-6898-4261-BE47-0928E54C21E6}.Debug_linux|x64.Build.0 = Debug|x64
		{921728D9-6898-4261-BE47-0928E54C21E6}.Debug_linux|x86.ActiveCfg = Debug|x86
		{921728D9-6898-4261-BE47-0928E54C21E6}.Debug_linux|x86.Build.0 = Debug|x86
		{921728D9-6898-4261-BE47-0928E54C21E6}.Debug_osx|arm.ActiveCfg = Debug|Any CPU
		{921728D9-6898-4261-BE47-0928E54C21E6}.Debug_osx|arm.Build.0 = Debug|Any CPU
		{921728D9-6898-4261-BE47-0928E54C21E6}.Debug_osx|x64.ActiveCfg = Debug|x64
		{921728D9-6898-4261-BE47-0928E54C21E6}.Debug_osx|x64.Build.0 = Debug|x64
		{921728D9-6898-4261-BE47-0928E54C21E6}.Debug_osx|x86.ActiveCfg = Debug|x86
		{921728D9-6898-4261-BE47-0928E54C21E6}.Debug_osx|x86.Build.0 = Debug|x86
		{921728D9-6898-4261-BE47-0928E54C21E6}.Debug_win|arm.ActiveCfg = Debug|Any CPU
		{921728D9-6898-4261-BE47-0928E54C21E6}.Debug_win|arm.Build.0 = Debug|Any CPU
		{921728D9-6898-4261-BE47-0928E54C21E6}.Debug_win|x64.ActiveCfg = Debug|x64
		{921728D9-6898-4261-BE47-0928E54C21E6}.Debug_win|x64.Build.0 = Debug|x64
		{921728D9-6898-4261-BE47-0928E54C21E6}.Debug_win|x86.ActiveCfg = Debug|x86
		{921728D9-6898-4261-BE47-0928E54C21E6}.Debug_win|x86.Build.0 = Debug|x86
		{921728D9-6898-4261-BE47-0928E54C21E6}.Release_linux|arm.ActiveCfg = Release|Any CPU
		{921728D9-6898-4261-BE47-0928E54C21E6}.Release_linux|arm.Build.0 = Release|Any CPU
		{921728D9-6898-4261-BE47-0928E54C21E6}.Release_linux|x64.ActiveCfg = Release|x64
		{921728D9-6898-4261-BE47-0928E54C21E6}.Release_linux|x64.Build.0 = Release|x64
		{921728D9-6898-4261-BE47-0928E54C21E6}.Release_linux|x86.ActiveCfg = Release|x86
		{921728D9-6898-4261-BE47-0928E54C21E6}.Release_linux|x86.Build.0 = Release|x86
		{921728D9-6898-4261-BE47-0928E54C21E6}.Release_osx|arm.ActiveCfg = Release|Any CPU
		{921728D9-6898-4261-BE47-0928E54C21E6}.Release_osx|arm.Build.0 = Release|Any CPU
		{921728D9-6898-4261-BE47-0928E54C21E6}.Release_osx|x64.ActiveCfg = Release|x64
		{921728D9-6898-4261-BE47-0928E54C21E6}.Release_osx|x64.Build.0 = Release|x64
		{921728D9-6898-4261-BE47-0928E54C21E6}.Release_osx|x86.ActiveCfg = Release|x86
		{921728D9-6898-4261-BE47-0928E54C21E6}.Release_osx|x86.Build.0 = Release|x86
		{921728D9-6898-4261-BE47-0928E54C21E6}.Release_win|arm.ActiveCfg = Release|Any CPU
		{921728D9-6898-4261-BE47-0928E54C21E6}.Release_win|arm.Build.0 = Release|Any CPU
		{921728D9-6898-4261-BE47-0928E54C21E6}.Release_win|x64.ActiveCfg = Release|x64
		{921728D9-6898-4261-BE47-0928E54C21E6}.Release_win|x64.Build.0 = Release|x64
		{921728D9-6898-4261-BE47-0928E54C21E6}.Release_win|x86.ActiveCfg = Release|x86
		{921728D9-6898-4261-BE47-0928E54C21E6}.Release_win|x86.Build.0 = Release|x86
		{9089CEA0-7B3E-4DBD-999D-71CD50A2EAA1}.Debug_linux|arm.ActiveCfg = Debug|Any CPU
		{9089CEA0-7B3E-4DBD-999D-71CD50A2EAA1}.Debug_linux|arm.Build.0 = Debug|Any CPU
		{9089CEA0-7B3E-4DBD-999D-71CD50A2EAA1}.Debug_linux|x64.ActiveCfg = Debug|x64
		{9089CEA0-7B3E-4DBD-999D-71CD50A2EAA1}.Debug_linux|x64.Build.0 = Debug|x64
		{9089CEA0-7B3E-4DBD-999D-71CD50A2EAA1}.Debug_linux|x86.ActiveCfg = Debug|x86
		{9089CEA0-7B3E-4DBD-999D-71CD50A2EAA1}.Debug_linux|x86.Build.0 = Debug|x86
		{9089CEA0-7B3E-4DBD-999D-71CD50A2EAA1}.Debug_osx|arm.ActiveCfg = Debug|Any CPU
		{9089CEA0-7B3E-4DBD-999D-71CD50A2EAA1}.Debug_osx|arm.Build.0 = Debug|Any CPU
		{9089CEA0-7B3E-4DBD-999D-71CD50A2EAA1}.Debug_osx|x64.ActiveCfg = Debug|x64
		{9089CEA0-7B3E-4DBD-999D-71CD50A2EAA1}.Debug_osx|x64.Build.0 = Debug|x64
		{9089CEA0-7B3E-4DBD-999D-71CD50A2EAA1}.Debug_osx|x86.ActiveCfg = Debug|x86
		{9089CEA0-7B3E-4DBD-999D-71CD50A2EAA1}.Debug_osx|x86.Build.0 = Debug|x86
		{9089CEA0-7B3E-4DBD-999D-71CD50A2EAA1}.Debug_win|arm.ActiveCfg = Debug|Any CPU
		{9089CEA0-7B3E-4DBD-999D-71CD50A2EAA1}.Debug_win|arm.Build.0 = Debug|Any CPU
		{9089CEA0-7B3E-4DBD-999D-71CD50A2EAA1}.Debug_win|x64.ActiveCfg = Debug|x64
		{9089CEA0-7B3E-4DBD-999D-71CD50A2EAA1}.Debug_win|x64.Build.0 = Debug|x64
		{9089CEA0-7B3E-4DBD-999D-71CD50A2EAA1}.Debug_win|x86.ActiveCfg = Debug|x86
		{9089CEA0-7B3E-4DBD-999D-71CD50A2EAA1}.Debug_win|x86.Build.0 = Debug|x86
		{9089CEA0-7B3E-4DBD-999D-71CD50A2EAA1}.Release_linux|arm.ActiveCfg = Release|Any CPU
		{9089CEA0-7B3E-4DBD-999D-71CD50A2EAA1}.Release_linux|arm.Build.0 = Release|Any CPU
		{9089CEA0-7B3E-4DBD-999D-71CD50A2EAA1}.Release_linux|x64.ActiveCfg = Release|x64
		{9089CEA0-7B3E-4DBD-999D-71CD50A2EAA1}.Release_linux|x64.Build.0 = Release|x64
		{9089CEA0-7B3E-4DBD-999D-71CD50A2EAA1}.Release_linux|x86.ActiveCfg = Release|x86
		{9089CEA0-7B3E-4DBD-999D-71CD50A2EAA1}.Release_linux|x86.Build.0 = Release|x86
		{9089CEA0-7B3E-4DBD-999D-71CD50A2EAA1}.Release_osx|arm.ActiveCfg = Release|Any CPU
		{9089CEA0-7B3E-4DBD-999D-71CD50A2EAA1}.Release_osx|arm.Build.0 = Release|Any CPU
		{9089CEA0-7B3E-4DBD-999D-71CD50A2EAA1}.Release_osx|x64.ActiveCfg = Release|x64
		{9089CEA0-7B3E-4DBD-999D-71CD50A2EAA1}.Release_osx|x64.Build.0 = Release|x64
		{9089CEA0-7B3E-4DBD-999D-71CD50A2EAA1}.Release_osx|x86.ActiveCfg = Release|x86
		{9089CEA0-7B3E-4DBD-999D-71CD50A2EAA1}.Release_osx|x86.Build.0 = Release|x86
		{9089CEA0-7B3E-4DBD-999D-71CD50A2EAA1}.Release_win|arm.ActiveCfg = Release|Any CPU
		{9089CEA0-7B3E-4DBD-999D-71CD50A2EAA1}.Release_win|arm.Build.0 = Release|Any CPU
		{9089CEA0-7B3E-4DBD-999D-71CD50A2EAA1}.Release_win|x64.ActiveCfg = Release|x64
		{9089CEA0-7B3E-4DBD-999D-71CD50A2EAA1}.Release_win|x64.Build.0 = Release|x64
		{9089CEA0-7B3E-4DBD-999D-71CD50A2EAA1}.Release_win|x86.ActiveCfg = Release|x86
		{9089CEA0-7B3E-4DBD-999D-71CD50A2EAA1}.Release_win|x86.Build.0 = Release|x86
		{1E88E53D-A1E6-4727-A677-B889A4E70821}.Debug_linux|arm.ActiveCfg = Debug|Any CPU
		{1E88E53D-A1E6-4727-A677-B889A4E70821}.Debug_linux|arm.Build.0 = Debug|Any CPU
		{1E88E53D-A1E6-4727-A677-B889A4E70821}.Debug_linux|x64.ActiveCfg = Debug|x64
		{1E88E53D-A1E6-4727-A677-B889A4E70821}.Debug_linux|x64.Build.0 = Debug|x64
		{1E88E53D-A1E6-4727-A677-B889A4E70821}.Debug_linux|x86.ActiveCfg = Debug|x86
		{1E88E53D-A1E6-4727-A677-B889A4E70821}.Debug_linux|x86.Build.0 = Debug|x86
		{1E88E53D-A1E6-4727-A677-B889A4E70821}.Debug_osx|arm.ActiveCfg = Debug|Any CPU
		{1E88E53D-A1E6-4727-A677-B889A4E70821}.Debug_osx|arm.Build.0 = Debug|Any CPU
		{1E88E53D-A1E6-4727-A677-B889A4E70821}.Debug_osx|x64.ActiveCfg = Debug|x64
		{1E88E53D-A1E6-4727-A677-B889A4E70821}.Debug_osx|x64.Build.0 = Debug|x64
		{1E88E53D-A1E6-4727-A677-B889A4E70821}.Debug_osx|x86.ActiveCfg = Debug|x86
		{1E88E53D-A1E6-4727-A677-B889A4E70821}.Debug_osx|x86.Build.0 = Debug|x86
		{1E88E53D-A1E6-4727-A677-B889A4E70821}.Debug_win|arm.ActiveCfg = Debug|Any CPU
		{1E88E53D-A1E6-4727-A677-B889A4E70821}.Debug_win|arm.Build.0 = Debug|Any CPU
		{1E88E53D-A1E6-4727-A677-B889A4E70821}.Debug_win|x64.ActiveCfg = Debug|x64
		{1E88E53D-A1E6-4727-A677-B889A4E70821}.Debug_win|x64.Build.0 = Debug|x64
		{1E88E53D-A1E6-4727-A677-B889A4E70821}.Debug_win|x86.ActiveCfg = Debug|x86
		{1E88E53D-A1E6-4727-A677-B889A4E70821}.Debug_win|x86.Build.0 = Debug|x86
		{1E88E53D-A1E6-4727-A677-B889A4E70821}.Release_linux|arm.ActiveCfg = Release|Any CPU
		{1E88E53D-A1E6-4727-A677-B889A4E70821}.Release_linux|arm.Build.0 = Release|Any CPU
		{1E88E53D-A1E6-4727-A677-B889A4E70821}.Release_linux|x64.ActiveCfg = Release|x64
		{1E88E53D-A1E6-4727-A677-B889A4E70821}.Release_linux|x64.Build.0 = Release|x64
		{1E88E53D-A1E6-4727-A677-B889A4E70821}.Release_linux|x86.ActiveCfg = Release|x86
		{1E88E53D-A1E6-4727-A677-B889A4E70821}.Release_linux|x86.Build.0 = Release|x86
		{1E88E53D-A1E6-4727-A677-B889A4E70821}.Release_osx|arm.ActiveCfg = Release|Any CPU
		{1E88E53D-A1E6-4727-A677-B889A4E70821}.Release_osx|arm.Build.0 = Release|Any CPU
		{1E88E53D-A1E6-4727-A677-B889A4E70821}.Release_osx|x64.ActiveCfg = Release|x64
		{1E88E53D-A1E6-4727-A677-B889A4E70821}.Release_osx|x64.Build.0 = Release|x64
		{1E88E53D-A1E6-4727-A677-B889A4E70821}.Release_osx|x86.ActiveCfg = Release|x86
		{1E88E53D-A1E6-4727-A677-B889A4E70821}.Release_osx|x86.Build.0 = Release|x86
		{1E88E53D-A1E6-4727-A677-B889A4E70821}.Release_win|arm.ActiveCfg = Release|Any CPU
		{1E88E53D-A1E6-4727-A677-B889A4E70821}.Release_win|arm.Build.0 = Release|Any CPU
		{1E88E53D-A1E6-4727-A677-B889A4E70821}.Release_win|x64.ActiveCfg = Release|x64
		{1E88E53D-A1E6-4727-A677-B889A4E70821}.Release_win|x64.Build.0 = Release|x64
		{1E88E53D-A1E6-4727-A677-B889A4E70821}.Release_win|x86.ActiveCfg = Release|x86
		{1E88E53D-A1E6-4727-A677-B889A4E70821}.Release_win|x86.Build.0 = Release|x86
		{0255F3D6-E91F-4A17-BB42-BFB7FF3EAA7C}.Debug_linux|arm.ActiveCfg = Debug_linux|arm
		{0255F3D6-E91F-4A17-BB42-BFB7FF3EAA7C}.Debug_linux|arm.Build.0 = Debug_linux|arm
		{0255F3D6-E91F-4A17-BB42-BFB7FF3EAA7C}.Debug_linux|x64.ActiveCfg = Debug_linux|x64
		{0255F3D6-E91F-4A17-BB42-BFB7FF3EAA7C}.Debug_linux|x64.Build.0 = Debug_linux|x64
		{0255F3D6-E91F-4A17-BB42-BFB7FF3EAA7C}.Debug_linux|x86.ActiveCfg = Debug_linux|x86
		{0255F3D6-E91F-4A17-BB42-BFB7FF3EAA7C}.Debug_linux|x86.Build.0 = Debug_linux|x86
		{0255F3D6-E91F-4A17-BB42-BFB7FF3EAA7C}.Debug_osx|arm.ActiveCfg = Debug_osx|arm
		{0255F3D6-E91F-4A17-BB42-BFB7FF3EAA7C}.Debug_osx|arm.Build.0 = Debug_osx|arm
		{0255F3D6-E91F-4A17-BB42-BFB7FF3EAA7C}.Debug_osx|x64.ActiveCfg = Debug_osx|x64
		{0255F3D6-E91F-4A17-BB42-BFB7FF3EAA7C}.Debug_osx|x64.Build.0 = Debug_osx|x64
		{0255F3D6-E91F-4A17-BB42-BFB7FF3EAA7C}.Debug_osx|x86.ActiveCfg = Debug_osx|x86
		{0255F3D6-E91F-4A17-BB42-BFB7FF3EAA7C}.Debug_osx|x86.Build.0 = Debug_osx|x86
		{0255F3D6-E91F-4A17-BB42-BFB7FF3EAA7C}.Debug_win|arm.ActiveCfg = Debug_win|arm
		{0255F3D6-E91F-4A17-BB42-BFB7FF3EAA7C}.Debug_win|arm.Build.0 = Debug_win|arm
		{0255F3D6-E91F-4A17-BB42-BFB7FF3EAA7C}.Debug_win|x64.ActiveCfg = Debug_win|x64
		{0255F3D6-E91F-4A17-BB42-BFB7FF3EAA7C}.Debug_win|x64.Build.0 = Debug_win|x64
		{0255F3D6-E91F-4A17-BB42-BFB7FF3EAA7C}.Debug_win|x86.ActiveCfg = Debug_win|x86
		{0255F3D6-E91F-4A17-BB42-BFB7FF3EAA7C}.Debug_win|x86.Build.0 = Debug_win|x86
		{0255F3D6-E91F-4A17-BB42-BFB7FF3EAA7C}.Release_linux|arm.ActiveCfg = Release_linux|arm
		{0255F3D6-E91F-4A17-BB42-BFB7FF3EAA7C}.Release_linux|arm.Build.0 = Release_linux|arm
		{0255F3D6-E91F-4A17-BB42-BFB7FF3EAA7C}.Release_linux|x64.ActiveCfg = Release_linux|x64
		{0255F3D6-E91F-4A17-BB42-BFB7FF3EAA7C}.Release_linux|x64.Build.0 = Release_linux|x64
		{0255F3D6-E91F-4A17-BB42-BFB7FF3EAA7C}.Release_linux|x86.ActiveCfg = Release_linux|x86
		{0255F3D6-E91F-4A17-BB42-BFB7FF3EAA7C}.Release_linux|x86.Build.0 = Release_linux|x86
		{0255F3D6-E91F-4A17-BB42-BFB7FF3EAA7C}.Release_osx|arm.ActiveCfg = Release_osx|arm
		{0255F3D6-E91F-4A17-BB42-BFB7FF3EAA7C}.Release_osx|arm.Build.0 = Release_osx|arm
		{0255F3D6-E91F-4A17-BB42-BFB7FF3EAA7C}.Release_osx|x64.ActiveCfg = Release_osx|x64
		{0255F3D6-E91F-4A17-BB42-BFB7FF3EAA7C}.Release_osx|x64.Build.0 = Release_osx|x64
		{0255F3D6-E91F-4A17-BB42-BFB7FF3EAA7C}.Release_osx|x86.ActiveCfg = Release_osx|x86
		{0255F3D6-E91F-4A17-BB42-BFB7FF3EAA7C}.Release_osx|x86.Build.0 = Release_osx|x86
		{0255F3D6-E91F-4A17-BB42-BFB7FF3EAA7C}.Release_win|arm.ActiveCfg = Release_win|arm
		{0255F3D6-E91F-4A17-BB42-BFB7FF3EAA7C}.Release_win|arm.Build.0 = Release_win|arm
		{0255F3D6-E91F-4A17-BB42-BFB7FF3EAA7C}.Release_win|x64.ActiveCfg = Release_win|x64
		{0255F3D6-E91F-4A17-BB42-BFB7FF3EAA7C}.Release_win|x64.Build.0 = Release_win|x64
		{0255F3D6-E91F-4A17-BB42-BFB7FF3EAA7C}.Release_win|x86.ActiveCfg = Release_win|x86
		{0255F3D6-E91F-4A17-BB42-BFB7FF3EAA7C}.Release_win|x86.Build.0 = Release_win|x86
		{C45EAF01-30C4-4B8E-BA96-FA9C52AE9934}.Debug_linux|arm.ActiveCfg = Debug_linux|arm
		{C45EAF01-30C4-4B8E-BA96-FA9C52AE9934}.Debug_linux|arm.Build.0 = Debug_linux|arm
		{C45EAF01-30C4-4B8E-BA96-FA9C52AE9934}.Debug_linux|x64.ActiveCfg = Debug_linux|x64
		{C45EAF01-30C4-4B8E-BA96-FA9C52AE9934}.Debug_linux|x64.Build.0 = Debug_linux|x64
		{C45EAF01-30C4-4B8E-BA96-FA9C52AE9934}.Debug_linux|x86.ActiveCfg = Debug_linux|x86
		{C45EAF01-30C4-4B8E-BA96-FA9C52AE9934}.Debug_linux|x86.Build.0 = Debug_linux|x86
		{C45EAF01-30C4-4B8E-BA96-FA9C52AE9934}.Debug_osx|arm.ActiveCfg = Debug_osx|arm
		{C45EAF01-30C4-4B8E-BA96-FA9C52AE9934}.Debug_osx|arm.Build.0 = Debug_osx|arm
		{C45EAF01-30C4-4B8E-BA96-FA9C52AE9934}.Debug_osx|x64.ActiveCfg = Debug_osx|x64
		{C45EAF01-30C4-4B8E-BA96-FA9C52AE9934}.Debug_osx|x64.Build.0 = Debug_osx|x64
		{C45EAF01-30C4-4B8E-BA96-FA9C52AE9934}.Debug_osx|x86.ActiveCfg = Debug_osx|x86
		{C45EAF01-30C4-4B8E-BA96-FA9C52AE9934}.Debug_osx|x86.Build.0 = Debug_osx|x86
		{C45EAF01-30C4-4B8E-BA96-FA9C52AE9934}.Debug_win|arm.ActiveCfg = Debug_win|arm
		{C45EAF01-30C4-4B8E-BA96-FA9C52AE9934}.Debug_win|arm.Build.0 = Debug_win|arm
		{C45EAF01-30C4-4B8E-BA96-FA9C52AE9934}.Debug_win|x64.ActiveCfg = Debug_win|x64
		{C45EAF01-30C4-4B8E-BA96-FA9C52AE9934}.Debug_win|x64.Build.0 = Debug_win|x64
		{C45EAF01-30C4-4B8E-BA96-FA9C52AE9934}.Debug_win|x86.ActiveCfg = Debug_win|x86
		{C45EAF01-30C4-4B8E-BA96-FA9C52AE9934}.Debug_win|x86.Build.0 = Debug_win|x86
		{C45EAF01-30C4-4B8E-BA96-FA9C52AE9934}.Release_linux|arm.ActiveCfg = Release_linux|arm
		{C45EAF01-30C4-4B8E-BA96-FA9C52AE9934}.Release_linux|arm.Build.0 = Release_linux|arm
		{C45EAF01-30C4-4B8E-BA96-FA9C52AE9934}.Release_linux|x64.ActiveCfg = Release_linux|x64
		{C45EAF01-30C4-4B8E-BA96-FA9C52AE9934}.Release_linux|x64.Build.0 = Release_linux|x64
		{C45EAF01-30C4-4B8E-BA96-FA9C52AE9934}.Release_linux|x86.ActiveCfg = Release_linux|x86
		{C45EAF01-30C4-4B8E-BA96-FA9C52AE9934}.Release_linux|x86.Build.0 = Release_linux|x86
		{C45EAF01-30C4-4B8E-BA96-FA9C52AE9934}.Release_osx|arm.ActiveCfg = Release_osx|arm
		{C45EAF01-30C4-4B8E-BA96-FA9C52AE9934}.Release_osx|arm.Build.0 = Release_osx|arm
		{C45EAF01-30C4-4B8E-BA96-FA9C52AE9934}.Release_osx|x64.ActiveCfg = Release_osx|x64
		{C45EAF01-30C4-4B8E-BA96-FA9C52AE9934}.Release_osx|x64.Build.0 = Release_osx|x64
		{C45EAF01-30C4-4B8E-BA96-FA9C52AE9934}.Release_osx|x86.ActiveCfg = Release_osx|x86
		{C45EAF01-30C4-4B8E-BA96-FA9C52AE9934}.Release_osx|x86.Build.0 = Release_osx|x86
		{C45EAF01-30C4-4B8E-BA96-FA9C52AE9934}.Release_win|arm.ActiveCfg = Release_win|arm
		{C45EAF01-30C4-4B8E-BA96-FA9C52AE9934}.Release_win|arm.Build.0 = Release_win|arm
		{C45EAF01-30C4-4B8E-BA96-FA9C52AE9934}.Release_win|x64.ActiveCfg = Release_win|x64
		{C45EAF01-30C4-4B8E-BA96-FA9C52AE9934}.Release_win|x64.Build.0 = Release_win|x64
		{C45EAF01-30C4-4B8E-BA96-FA9C52AE9934}.Release_win|x86.ActiveCfg = Release_win|x86
		{C45EAF01-30C4-4B8E-BA96-FA9C52AE9934}.Release_win|x86.Build.0 = Release_win|x86
		{20EF959B-E6E2-4DC4-82B3-3233F2798D3C}.Debug_linux|arm.ActiveCfg = Debug|Any CPU
		{20EF959B-E6E2-4DC4-82B3-3233F2798D3C}.Debug_linux|arm.Build.0 = Debug|Any CPU
		{20EF959B-E6E2-4DC4-82B3-3233F2798D3C}.Debug_linux|x64.ActiveCfg = Debug|x64
		{20EF959B-E6E2-4DC4-82B3-3233F2798D3C}.Debug_linux|x64.Build.0 = Debug|x64
		{20EF959B-E6E2-4DC4-82B3-3233F2798D3C}.Debug_linux|x86.ActiveCfg = Debug|x86
		{20EF959B-E6E2-4DC4-82B3-3233F2798D3C}.Debug_linux|x86.Build.0 = Debug|x86
		{20EF959B-E6E2-4DC4-82B3-3233F2798D3C}.Debug_osx|arm.ActiveCfg = Debug|Any CPU
		{20EF959B-E6E2-4DC4-82B3-3233F2798D3C}.Debug_osx|arm.Build.0 = Debug|Any CPU
		{20EF959B-E6E2-4DC4-82B3-3233F2798D3C}.Debug_osx|x64.ActiveCfg = Debug|x64
		{20EF959B-E6E2-4DC4-82B3-3233F2798D3C}.Debug_osx|x64.Build.0 = Debug|x64
		{20EF959B-E6E2-4DC4-82B3-3233F2798D3C}.Debug_osx|x86.ActiveCfg = Debug|x86
		{20EF959B-E6E2-4DC4-82B3-3233F2798D3C}.Debug_osx|x86.Build.0 = Debug|x86
		{20EF959B-E6E2-4DC4-82B3-3233F2798D3C}.Debug_win|arm.ActiveCfg = Debug|Any CPU
		{20EF959B-E6E2-4DC4-82B3-3233F2798D3C}.Debug_win|arm.Build.0 = Debug|Any CPU
		{20EF959B-E6E2-4DC4-82B3-3233F2798D3C}.Debug_win|x64.ActiveCfg = Debug|x64
		{20EF959B-E6E2-4DC4-82B3-3233F2798D3C}.Debug_win|x64.Build.0 = Debug|x64
		{20EF959B-E6E2-4DC4-82B3-3233F2798D3C}.Debug_win|x86.ActiveCfg = Debug|x86
		{20EF959B-E6E2-4DC4-82B3-3233F2798D3C}.Debug_win|x86.Build.0 = Debug|x86
		{20EF959B-E6E2-4DC4-82B3-3233F2798D3C}.Release_linux|arm.ActiveCfg = Release|Any CPU
		{20EF959B-E6E2-4DC4-82B3-3233F2798D3C}.Release_linux|arm.Build.0 = Release|Any CPU
		{20EF959B-E6E2-4DC4-82B3-3233F2798D3C}.Release_linux|x64.ActiveCfg = Release|x64
		{20EF959B-E6E2-4DC4-82B3-3233F2798D3C}.Release_linux|x64.Build.0 = Release|x64
		{20EF959B-E6E2-4DC4-82B3-3233F2798D3C}.Release_linux|x86.ActiveCfg = Release|x86
		{20EF959B-E6E2-4DC4-82B3-3233F2798D3C}.Release_linux|x86.Build.0 = Release|x86
		{20EF959B-E6E2-4DC4-82B3-3233F2798D3C}.Release_osx|arm.ActiveCfg = Release|Any CPU
		{20EF959B-E6E2-4DC4-82B3-3233F2798D3C}.Release_osx|arm.Build.0 = Release|Any CPU
		{20EF959B-E6E2-4DC4-82B3-3233F2798D3C}.Release_osx|x64.ActiveCfg = Release|x64
		{20EF959B-E6E2-4DC4-82B3-3233F2798D3C}.Release_osx|x64.Build.0 = Release|x64
		{20EF959B-E6E2-4DC4-82B3-3233F2798D3C}.Release_osx|x86.ActiveCfg = Release|x86
		{20EF959B-E6E2-4DC4-82B3-3233F2798D3C}.Release_osx|x86.Build.0 = Release|x86
		{20EF959B-E6E2-4DC4-82B3-3233F2798D3C}.Release_win|arm.ActiveCfg = Release|Any CPU
		{20EF959B-E6E2-4DC4-82B3-3233F2798D3C}.Release_win|arm.Build.0 = Release|Any CPU
		{20EF959B-E6E2-4DC4-82B3-3233F2798D3C}.Release_win|x64.ActiveCfg = Release|x64
		{20EF959B-E6E2-4DC4-82B3-3233F2798D3C}.Release_win|x64.Build.0 = Release|x64
		{20EF959B-E6E2-4DC4-82B3-3233F2798D3C}.Release_win|x86.ActiveCfg = Release|x86
		{20EF959B-E6E2-4DC4-82B3-3233F2798D3C}.Release_win|x86.Build.0 = Release|x86
		{2851969F-8CDF-4CA6-AC9F-46FB85D970F4}.Debug_linux|arm.ActiveCfg = Debug|Any CPU
		{2851969F-8CDF-4CA6-AC9F-46FB85D970F4}.Debug_linux|arm.Build.0 = Debug|Any CPU
		{2851969F-8CDF-4CA6-AC9F-46FB85D970F4}.Debug_linux|x64.ActiveCfg = Debug|x64
		{2851969F-8CDF-4CA6-AC9F-46FB85D970F4}.Debug_linux|x64.Build.0 = Debug|x64
		{2851969F-8CDF-4CA6-AC9F-46FB85D970F4}.Debug_linux|x86.ActiveCfg = Debug|x86
		{2851969F-8CDF-4CA6-AC9F-46FB85D970F4}.Debug_linux|x86.Build.0 = Debug|x86
		{2851969F-8CDF-4CA6-AC9F-46FB85D970F4}.Debug_osx|arm.ActiveCfg = Debug|Any CPU
		{2851969F-8CDF-4CA6-AC9F-46FB85D970F4}.Debug_osx|arm.Build.0 = Debug|Any CPU
		{2851969F-8CDF-4CA6-AC9F-46FB85D970F4}.Debug_osx|x64.ActiveCfg = Debug|x64
		{2851969F-8CDF-4CA6-AC9F-46FB85D970F4}.Debug_osx|x64.Build.0 = Debug|x64
		{2851969F-8CDF-4CA6-AC9F-46FB85D970F4}.Debug_osx|x86.ActiveCfg = Debug|x86
		{2851969F-8CDF-4CA6-AC9F-46FB85D970F4}.Debug_osx|x86.Build.0 = Debug|x86
		{2851969F-8CDF-4CA6-AC9F-46FB85D970F4}.Debug_win|arm.ActiveCfg = Debug|Any CPU
		{2851969F-8CDF-4CA6-AC9F-46FB85D970F4}.Debug_win|arm.Build.0 = Debug|Any CPU
		{2851969F-8CDF-4CA6-AC9F-46FB85D970F4}.Debug_win|x64.ActiveCfg = Debug|x64
		{2851969F-8CDF-4CA6-AC9F-46FB85D970F4}.Debug_win|x64.Build.0 = Debug|x64
		{2851969F-8CDF-4CA6-AC9F-46FB85D970F4}.Debug_win|x86.ActiveCfg = Debug|x86
		{2851969F-8CDF-4CA6-AC9F-46FB85D970F4}.Debug_win|x86.Build.0 = Debug|x86
		{2851969F-8CDF-4CA6-AC9F-46FB85D970F4}.Release_linux|arm.ActiveCfg = Release|Any CPU
		{2851969F-8CDF-4CA6-AC9F-46FB85D970F4}.Release_linux|arm.Build.0 = Release|Any CPU
		{2851969F-8CDF-4CA6-AC9F-46FB85D970F4}.Release_linux|x64.ActiveCfg = Release|x64
		{2851969F-8CDF-4CA6-AC9F-46FB85D970F4}.Release_linux|x64.Build.0 = Release|x64
		{2851969F-8CDF-4CA6-AC9F-46FB85D970F4}.Release_linux|x86.ActiveCfg = Release|x86
		{2851969F-8CDF-4CA6-AC9F-46FB85D970F4}.Release_linux|x86.Build.0 = Release|x86
		{2851969F-8CDF-4CA6-AC9F-46FB85D970F4}.Release_osx|arm.ActiveCfg = Release|Any CPU
		{2851969F-8CDF-4CA6-AC9F-46FB85D970F4}.Release_osx|arm.Build.0 = Release|Any CPU
		{2851969F-8CDF-4CA6-AC9F-46FB85D970F4}.Release_osx|x64.ActiveCfg = Release|x64
		{2851969F-8CDF-4CA6-AC9F-46FB85D970F4}.Release_osx|x64.Build.0 = Release|x64
		{2851969F-8CDF-4CA6-AC9F-46FB85D970F4}.Release_osx|x86.ActiveCfg = Release|x86
		{2851969F-8CDF-4CA6-AC9F-46FB85D970F4}.Release_osx|x86.Build.0 = Release|x86
		{2851969F-8CDF-4CA6-AC9F-46FB85D970F4}.Release_win|arm.ActiveCfg = Release|Any CPU
		{2851969F-8CDF-4CA6-AC9F-46FB85D970F4}.Release_win|arm.Build.0 = Release|Any CPU
		{2851969F-8CDF-4CA6-AC9F-46FB85D970F4}.Release_win|x64.ActiveCfg = Release|x64
		{2851969F-8CDF-4CA6-AC9F-46FB85D970F4}.Release_win|x64.Build.0 = Release|x64
		{2851969F-8CDF-4CA6-AC9F-46FB85D970F4}.Release_win|x86.ActiveCfg = Release|x86
		{2851969F-8CDF-4CA6-AC9F-46FB85D970F4}.Release_win|x86.Build.0 = Release|x86
		{989A04B7-93D1-4702-A979-6A431B5F6490}.Debug_linux|arm.ActiveCfg = Debug_linux|arm
		{989A04B7-93D1-4702-A979-6A431B5F6490}.Debug_linux|arm.Build.0 = Debug_linux|arm
		{989A04B7-93D1-4702-A979-6A431B5F6490}.Debug_linux|x64.ActiveCfg = Debug_linux|x64
		{989A04B7-93D1-4702-A979-6A431B5F6490}.Debug_linux|x64.Build.0 = Debug_linux|x64
		{989A04B7-93D1-4702-A979-6A431B5F6490}.Debug_linux|x86.ActiveCfg = Debug_linux|x86
		{989A04B7-93D1-4702-A979-6A431B5F6490}.Debug_linux|x86.Build.0 = Debug_linux|x86
		{989A04B7-93D1-4702-A979-6A431B5F6490}.Debug_osx|arm.ActiveCfg = Debug_osx|arm
		{989A04B7-93D1-4702-A979-6A431B5F6490}.Debug_osx|arm.Build.0 = Debug_osx|arm
		{989A04B7-93D1-4702-A979-6A431B5F6490}.Debug_osx|x64.ActiveCfg = Debug_osx|x64
		{989A04B7-93D1-4702-A979-6A431B5F6490}.Debug_osx|x64.Build.0 = Debug_osx|x64
		{989A04B7-93D1-4702-A979-6A431B5F6490}.Debug_osx|x86.ActiveCfg = Debug_osx|x86
		{989A04B7-93D1-4702-A979-6A431B5F6490}.Debug_osx|x86.Build.0 = Debug_osx|x86
		{989A04B7-93D1-4702-A979-6A431B5F6490}.Debug_win|arm.ActiveCfg = Debug_win|arm
		{989A04B7-93D1-4702-A979-6A431B5F6490}.Debug_win|arm.Build.0 = Debug_win|arm
		{989A04B7-93D1-4702-A979-6A431B5F6490}.Debug_win|x64.ActiveCfg = Debug_win|x64
		{989A04B7-93D1-4702-A979-6A431B5F6490}.Debug_win|x64.Build.0 = Debug_win|x64
		{989A04B7-93D1-4702-A979-6A431B5F6490}.Debug_win|x86.ActiveCfg = Debug_win|x86
		{989A04B7-93D1-4702-A979-6A431B5F6490}.Debug_win|x86.Build.0 = Debug_win|x86
		{989A04B7-93D1-4702-A979-6A431B5F6490}.Release_linux|arm.ActiveCfg = Release_linux|arm
		{989A04B7-93D1-4702-A979-6A431B5F6490}.Release_linux|arm.Build.0 = Release_linux|arm
		{989A04B7-93D1-4702-A979-6A431B5F6490}.Release_linux|x64.ActiveCfg = Release_linux|x64
		{989A04B7-93D1-4702-A979-6A431B5F6490}.Release_linux|x64.Build.0 = Release_linux|x64
		{989A04B7-93D1-4702-A979-6A431B5F6490}.Release_linux|x86.ActiveCfg = Release_linux|x86
		{989A04B7-93D1-4702-A979-6A431B5F6490}.Release_linux|x86.Build.0 = Release_linux|x86
		{989A04B7-93D1-4702-A979-6A431B5F6490}.Release_osx|arm.ActiveCfg = Release_osx|arm
		{989A04B7-93D1-4702-A979-6A431B5F6490}.Release_osx|arm.Build.0 = Release_osx|arm
		{989A04B7-93D1-4702-A979-6A431B5F6490}.Release_osx|x64.ActiveCfg = Release_osx|x64
		{989A04B7-93D1-4702-A979-6A431B5F6490}.Release_osx|x64.Build.0 = Release_osx|x64
		{989A04B7-93D1-4702-A979-6A431B5F6490}.Release_osx|x86.ActiveCfg = Release_osx|x86
		{989A04B7-93D1-4702-A979-6A431B5F6490}.Release_osx|x86.Build.0 = Release_osx|x86
		{989A04B7-93D1-4702-A979-6A431B5F6490}.Release_win|arm.ActiveCfg = Release_win|arm
		{989A04B7-93D1-4702-A979-6A431B5F6490}.Release_win|arm.Build.0 = Release_win|arm
		{989A04B7-93D1-4702-A979-6A431B5F6490}.Release_win|x64.ActiveCfg = Release_win|x64
		{989A04B7-93D1-4702-A979-6A431B5F6490}.Release_win|x64.Build.0 = Release_win|x64
		{989A04B7-93D1-4702-A979-6A431B5F6490}.Release_win|x86.ActiveCfg = Release_win|x86
		{989A04B7-93D1-4702-A979-6A431B5F6490}.Release_win|x86.Build.0 = Release_win|x86
		{54A83E6C-FB99-4690-A680-C74853E7AE4C}.Debug_linux|arm.ActiveCfg = Debug|Any CPU
		{54A83E6C-FB99-4690-A680-C74853E7AE4C}.Debug_linux|arm.Build.0 = Debug|Any CPU
		{54A83E6C-FB99-4690-A680-C74853E7AE4C}.Debug_linux|x64.ActiveCfg = Debug|x64
		{54A83E6C-FB99-4690-A680-C74853E7AE4C}.Debug_linux|x64.Build.0 = Debug|x64
		{54A83E6C-FB99-4690-A680-C74853E7AE4C}.Debug_linux|x86.ActiveCfg = Debug|x86
		{54A83E6C-FB99-4690-A680-C74853E7AE4C}.Debug_linux|x86.Build.0 = Debug|x86
		{54A83E6C-FB99-4690-A680-C74853E7AE4C}.Debug_osx|arm.ActiveCfg = Debug|Any CPU
		{54A83E6C-FB99-4690-A680-C74853E7AE4C}.Debug_osx|arm.Build.0 = Debug|Any CPU
		{54A83E6C-FB99-4690-A680-C74853E7AE4C}.Debug_osx|x64.ActiveCfg = Debug|x64
		{54A83E6C-FB99-4690-A680-C74853E7AE4C}.Debug_osx|x64.Build.0 = Debug|x64
		{54A83E6C-FB99-4690-A680-C74853E7AE4C}.Debug_osx|x86.ActiveCfg = Debug|x86
		{54A83E6C-FB99-4690-A680-C74853E7AE4C}.Debug_osx|x86.Build.0 = Debug|x86
		{54A83E6C-FB99-4690-A680-C74853E7AE4C}.Debug_win|arm.ActiveCfg = Debug|Any CPU
		{54A83E6C-FB99-4690-A680-C74853E7AE4C}.Debug_win|arm.Build.0 = Debug|Any CPU
		{54A83E6C-FB99-4690-A680-C74853E7AE4C}.Debug_win|x64.ActiveCfg = Debug|x64
		{54A83E6C-FB99-4690-A680-C74853E7AE4C}.Debug_win|x64.Build.0 = Debug|x64
		{54A83E6C-FB99-4690-A680-C74853E7AE4C}.Debug_win|x86.ActiveCfg = Debug|x86
		{54A83E6C-FB99-4690-A680-C74853E7AE4C}.Debug_win|x86.Build.0 = Debug|x86
		{54A83E6C-FB99-4690-A680-C74853E7AE4C}.Release_linux|arm.ActiveCfg = Release|Any CPU
		{54A83E6C-FB99-4690-A680-C74853E7AE4C}.Release_linux|arm.Build.0 = Release|Any CPU
		{54A83E6C-FB99-4690-A680-C74853E7AE4C}.Release_linux|x64.ActiveCfg = Release|x64
		{54A83E6C-FB99-4690-A680-C74853E7AE4C}.Release_linux|x64.Build.0 = Release|x64
		{54A83E6C-FB99-4690-A680-C74853E7AE4C}.Release_linux|x86.ActiveCfg = Release|x86
		{54A83E6C-FB99-4690-A680-C74853E7AE4C}.Release_linux|x86.Build.0 = Release|x86
		{54A83E6C-FB99-4690-A680-C74853E7AE4C}.Release_osx|arm.ActiveCfg = Release|Any CPU
		{54A83E6C-FB99-4690-A680-C74853E7AE4C}.Release_osx|arm.Build.0 = Release|Any CPU
		{54A83E6C-FB99-4690-A680-C74853E7AE4C}.Release_osx|x64.ActiveCfg = Release|x64
		{54A83E6C-FB99-4690-A680-C74853E7AE4C}.Release_osx|x64.Build.0 = Release|x64
		{54A83E6C-FB99-4690-A680-C74853E7AE4C}.Release_osx|x86.ActiveCfg = Release|x86
		{54A83E6C-FB99-4690-A680-C74853E7AE4C}.Release_osx|x86.Build.0 = Release|x86
		{54A83E6C-FB99-4690-A680-C74853E7AE4C}.Release_win|arm.ActiveCfg = Release|Any CPU
		{54A83E6C-FB99-4690-A680-C74853E7AE4C}.Release_win|arm.Build.0 = Release|Any CPU
		{54A83E6C-FB99-4690-A680-C74853E7AE4C}.Release_win|x64.ActiveCfg = Release|x64
		{54A83E6C-FB99-4690-A680-C74853E7AE4C}.Release_win|x64.Build.0 = Release|x64
		{54A83E6C-FB99-4690-A680-C74853E7AE4C}.Release_win|x86.ActiveCfg = Release|x86
		{54A83E6C-FB99-4690-A680-C74853E7AE4C}.Release_win|x86.Build.0 = Release|x86
	EndGlobalSection
	GlobalSection(SolutionProperties) = preSolution
		HideSolutionNode = FALSE
	EndGlobalSection
	GlobalSection(NestedProjects) = preSolution
		{34EDAD66-60E1-45D9-8299-775E3DB64589} = {C765ABD6-153E-49D6-8AE1-970F85055E5C}
		{921728D9-6898-4261-BE47-0928E54C21E6} = {C1B60C2D-6395-452C-8DF8-3461321A386E}
		{9089CEA0-7B3E-4DBD-999D-71CD50A2EAA1} = {52602772-C53F-4FCB-9829-F8542A184075}
		{1E88E53D-A1E6-4727-A677-B889A4E70821} = {52602772-C53F-4FCB-9829-F8542A184075}
		{0255F3D6-E91F-4A17-BB42-BFB7FF3EAA7C} = {C1B60C2D-6395-452C-8DF8-3461321A386E}
		{C45EAF01-30C4-4B8E-BA96-FA9C52AE9934} = {866C6122-C2A2-47FB-B0DC-0D587506BB87}
		{20EF959B-E6E2-4DC4-82B3-3233F2798D3C} = {52602772-C53F-4FCB-9829-F8542A184075}
		{2851969F-8CDF-4CA6-AC9F-46FB85D970F4} = {52602772-C53F-4FCB-9829-F8542A184075}
		{989A04B7-93D1-4702-A979-6A431B5F6490} = {620AD9CB-AE95-4345-ACAF-1B069A119DD9}
		{54A83E6C-FB99-4690-A680-C74853E7AE4C} = {52602772-C53F-4FCB-9829-F8542A184075}
	EndGlobalSection
	GlobalSection(ExtensibilityGlobals) = postSolution
		SolutionGuid = {D552F63B-BFF5-4261-97D2-5329C6AF326F}
	EndGlobalSection
EndGlobal
